
Microsoft Visual Studio Solution File, Format Version 12.00
# Visual Studio Version 17
VisualStudioVersion = 17.0.31903.59
MinimumVisualStudioVersion = 10.0.40219.1
Project("{FAE04EC0-301F-11D3-BF4B-00C04F79EFBC}") = "XP.API", "src\XP.API\XP.API.csproj", "{FD64E3A7-BD14-4B0D-BFAB-4A2792E54AAB}"
EndProject
Project("{FAE04EC0-301F-11D3-BF4B-00C04F79EFBC}") = "XP.Business", "XP.Business\XP.Business.csproj", "{230A7090-3D92-436B-B758-9074E2E390A6}"
EndProject
Project("{FAE04EC0-301F-11D3-BF4B-00C04F79EFBC}") = "XP.Data", "src\XP.Data\XP.Data.csproj", "{1092DCEC-CB35-4BBB-8510-B7C8BFD46CF2}"
EndProject
Global
	GlobalSection(SolutionConfigurationPlatforms) = preSolution
		Debug|Any CPU = Debug|Any CPU
		Release|Any CPU = Release|Any CPU
	EndGlobalSection
	GlobalSection(ProjectConfigurationPlatforms) = postSolution
		{FD64E3A7-BD14-4B0D-BFAB-4A2792E54AAB}.Debug|Any CPU.ActiveCfg = Debug|Any CPU
		{FD64E3A7-BD14-4B0D-BFAB-4A2792E54AAB}.Debug|Any CPU.Build.0 = Debug|Any CPU
		{FD64E3A7-BD14-4B0D-BFAB-4A2792E54AAB}.Release|Any CPU.ActiveCfg = Release|Any CPU
		{FD64E3A7-BD14-4B0D-BFAB-4A2792E54AAB}.Release|Any CPU.Build.0 = Release|Any CPU
		{230A7090-3D92-436B-B758-9074E2E390A6}.Debug|Any CPU.ActiveCfg = Debug|Any CPU
		{230A7090-3D92-436B-B758-9074E2E390A6}.Debug|Any CPU.Build.0 = Debug|Any CPU
		{230A7090-3D92-436B-B758-9074E2E390A6}.Release|Any CPU.ActiveCfg = Release|Any CPU
		{230A7090-3D92-436B-B758-9074E2E390A6}.Release|Any CPU.Build.0 = Release|Any CPU
		{1092DCEC-CB35-4BBB-8510-B7C8BFD46CF2}.Debug|Any CPU.ActiveCfg = Debug|Any CPU
		{1092DCEC-CB35-4BBB-8510-B7C8BFD46CF2}.Debug|Any CPU.Build.0 = Debug|Any CPU
		{1092DCEC-CB35-4BBB-8510-B7C8BFD46CF2}.Release|Any CPU.ActiveCfg = Release|Any CPU
		{1092DCEC-CB35-4BBB-8510-B7C8BFD46CF2}.Release|Any CPU.Build.0 = Release|Any CPU
	EndGlobalSection
	GlobalSection(SolutionProperties) = preSolution
		HideSolutionNode = FALSE
	EndGlobalSection
EndGlobal
